
Microsoft Visual Studio Solution File, Format Version 12.00
# Visual Studio 15
VisualStudioVersion = 15.0.28010.2036
MinimumVisualStudioVersion = 10.0.40219.1
Project("{FAE04EC0-301F-11D3-BF4B-00C04F79EFBC}") = "RemoteDockerUsingBatch", "RemoteDockerUsingBatch\RemoteDockerUsingBatch.csproj", "{E494D2E1-00DB-4592-BE0B-EDF13C786D73}"
EndProject
Project("{FAE04EC0-301F-11D3-BF4B-00C04F79EFBC}") = "DockerAccess", "DockerAccess\DockerAccess.csproj", "{8EEBEB4F-F8DB-4369-B43B-C5EA9AE68D8A}"
EndProject
Project("{FAE04EC0-301F-11D3-BF4B-00C04F79EFBC}") = "DockerApi", "DockerApi\DockerApi.csproj", "{9EAD4E9D-1785-45C3-A5B7-0BBB6DE679A6}"
EndProject
Global
	GlobalSection(SolutionConfigurationPlatforms) = preSolution
		Debug|Any CPU = Debug|Any CPU
		Release|Any CPU = Release|Any CPU
	EndGlobalSection
	GlobalSection(ProjectConfigurationPlatforms) = postSolution
		{E494D2E1-00DB-4592-BE0B-EDF13C786D73}.Debug|Any CPU.ActiveCfg = Debug|Any CPU
		{E494D2E1-00DB-4592-BE0B-EDF13C786D73}.Debug|Any CPU.Build.0 = Debug|Any CPU
		{E494D2E1-00DB-4592-BE0B-EDF13C786D73}.Release|Any CPU.ActiveCfg = Release|Any CPU
		{E494D2E1-00DB-4592-BE0B-EDF13C786D73}.Release|Any CPU.Build.0 = Release|Any CPU
		{8EEBEB4F-F8DB-4369-B43B-C5EA9AE68D8A}.Debug|Any CPU.ActiveCfg = Debug|Any CPU
		{8EEBEB4F-F8DB-4369-B43B-C5EA9AE68D8A}.Debug|Any CPU.Build.0 = Debug|Any CPU
		{8EEBEB4F-F8DB-4369-B43B-C5EA9AE68D8A}.Release|Any CPU.ActiveCfg = Release|Any CPU
		{8EEBEB4F-F8DB-4369-B43B-C5EA9AE68D8A}.Release|Any CPU.Build.0 = Release|Any CPU
		{9EAD4E9D-1785-45C3-A5B7-0BBB6DE679A6}.Debug|Any CPU.ActiveCfg = Debug|Any CPU
		{9EAD4E9D-1785-45C3-A5B7-0BBB6DE679A6}.Debug|Any CPU.Build.0 = Debug|Any CPU
		{9EAD4E9D-1785-45C3-A5B7-0BBB6DE679A6}.Release|Any CPU.ActiveCfg = Release|Any CPU
		{9EAD4E9D-1785-45C3-A5B7-0BBB6DE679A6}.Release|Any CPU.Build.0 = Release|Any CPU
	EndGlobalSection
	GlobalSection(SolutionProperties) = preSolution
		HideSolutionNode = FALSE
	EndGlobalSection
	GlobalSection(ExtensibilityGlobals) = postSolution
		SolutionGuid = {93C8854C-EC5A-4FDB-8839-9800BADF2165}
	EndGlobalSection
EndGlobal
